
Microsoft Visual Studio Solution File, Format Version 12.00
# Visual Studio 15
Project("{FAE04EC0-301F-11D3-BF4B-00C04F79EFBC}") = "Assembly-CSharp", "Assembly-CSharp.csproj", "{0286EDD4-61FB-9F7D-5802-671E7FFDC664}"
EndProject
Project("{FAE04EC0-301F-11D3-BF4B-00C04F79EFBC}") = "Assembly-CSharp-Editor", "Assembly-CSharp-Editor.csproj", "{725EE749-BD69-711C-E316-6DDFAD7012CA}"
EndProject
Global
	GlobalSection(SolutionConfigurationPlatforms) = preSolution
		Debug|Any CPU = Debug|Any CPU
		Release|Any CPU = Release|Any CPU
	EndGlobalSection
	GlobalSection(ProjectConfigurationPlatforms) = postSolution
		{0286EDD4-61FB-9F7D-5802-671E7FFDC664}.Debug|Any CPU.ActiveCfg = Debug|Any CPU
		{0286EDD4-61FB-9F7D-5802-671E7FFDC664}.Debug|Any CPU.Build.0 = Debug|Any CPU
		{0286EDD4-61FB-9F7D-5802-671E7FFDC664}.Release|Any CPU.ActiveCfg = Release|Any CPU
		{0286EDD4-61FB-9F7D-5802-671E7FFDC664}.Release|Any CPU.Build.0 = Release|Any CPU
		{725EE749-BD69-711C-E316-6DDFAD7012CA}.Debug|Any CPU.ActiveCfg = Debug|Any CPU
		{725EE749-BD69-711C-E316-6DDFAD7012CA}.Debug|Any CPU.Build.0 = Debug|Any CPU
		{725EE749-BD69-711C-E316-6DDFAD7012CA}.Release|Any CPU.ActiveCfg = Release|Any CPU
		{725EE749-BD69-711C-E316-6DDFAD7012CA}.Release|Any CPU.Build.0 = Release|Any CPU
	EndGlobalSection
	GlobalSection(SolutionProperties) = preSolution
		HideSolutionNode = FALSE
	EndGlobalSection
EndGlobal
